
Microsoft Visual Studio Solution File, Format Version 12.00
# Visual Studio Version 17
VisualStudioVersion = 17.14.36221.1 d17.14
MinimumVisualStudioVersion = 10.0.40219.1
Project("{FAE04EC0-301F-11D3-BF4B-00C04F79EFBC}") = "C44-G00- C#03", "C44-G00- C#03.csproj", "{59F95D54-1B4F-4ECE-8AFD-CC205C6F7326}"
EndProject
Global
	GlobalSection(SolutionConfigurationPlatforms) = preSolution
		Debug|Any CPU = Debug|Any CPU
		Release|Any CPU = Release|Any CPU
	EndGlobalSection
	GlobalSection(ProjectConfigurationPlatforms) = postSolution
		{59F95D54-1B4F-4ECE-8AFD-CC205C6F7326}.Debug|Any CPU.ActiveCfg = Debug|Any CPU
		{59F95D54-1B4F-4ECE-8AFD-CC205C6F7326}.Debug|Any CPU.Build.0 = Debug|Any CPU
		{59F95D54-1B4F-4ECE-8AFD-CC205C6F7326}.Release|Any CPU.ActiveCfg = Release|Any CPU
		{59F95D54-1B4F-4ECE-8AFD-CC205C6F7326}.Release|Any CPU.Build.0 = Release|Any CPU
	EndGlobalSection
	GlobalSection(SolutionProperties) = preSolution
		HideSolutionNode = FALSE
	EndGlobalSection
	GlobalSection(ExtensibilityGlobals) = postSolution
		SolutionGuid = {DD7EDAE7-6DA9-45C2-B325-2974B47BC5A7}
	EndGlobalSection
EndGlobal
